
Microsoft Visual Studio Solution File, Format Version 12.00
# Visual Studio Version 17
VisualStudioVersion = 17.14.36414.22 d17.14
MinimumVisualStudioVersion = 10.0.40219.1
Project("{FAE04EC0-301F-11D3-BF4B-00C04F79EFBC}") = "SP2026-Assignment1-amcdavid", "SP2026-Assignment1-amcdavid\SP2026-Assignment1-amcdavid.csproj", "{0BBC4120-C974-4A6F-8AD7-225DF2F5A116}"
EndProject
Global
	GlobalSection(SolutionConfigurationPlatforms) = preSolution
		Debug|Any CPU = Debug|Any CPU
		Release|Any CPU = Release|Any CPU
	EndGlobalSection
	GlobalSection(ProjectConfigurationPlatforms) = postSolution
		{0BBC4120-C974-4A6F-8AD7-225DF2F5A116}.Debug|Any CPU.ActiveCfg = Debug|Any CPU
		{0BBC4120-C974-4A6F-8AD7-225DF2F5A116}.Debug|Any CPU.Build.0 = Debug|Any CPU
		{0BBC4120-C974-4A6F-8AD7-225DF2F5A116}.Release|Any CPU.ActiveCfg = Release|Any CPU
		{0BBC4120-C974-4A6F-8AD7-225DF2F5A116}.Release|Any CPU.Build.0 = Release|Any CPU
	EndGlobalSection
	GlobalSection(SolutionProperties) = preSolution
		HideSolutionNode = FALSE
	EndGlobalSection
	GlobalSection(ExtensibilityGlobals) = postSolution
		SolutionGuid = {E863B0A8-4AF7-410F-A8F8-4CF5228A1611}
	EndGlobalSection
EndGlobal
